
Microsoft Visual Studio Solution File, Format Version 12.00
# Visual Studio Version 16
VisualStudioVersion = 16.0.30413.136
MinimumVisualStudioVersion = 10.0.40219.1
Project("{FAE04EC0-301F-11D3-BF4B-00C04F79EFBC}") = "Commands", "Commands\Commands.csproj", "{FB03FFB0-C8D2-42A3-9FC7-A598907ECBE6}"
EndProject
Global
	GlobalSection(SolutionConfigurationPlatforms) = preSolution
		Debug|Any CPU = Debug|Any CPU
		Release|Any CPU = Release|Any CPU
	EndGlobalSection
	GlobalSection(ProjectConfigurationPlatforms) = postSolution
		{FB03FFB0-C8D2-42A3-9FC7-A598907ECBE6}.Debug|Any CPU.ActiveCfg = Debug|Any CPU
		{FB03FFB0-C8D2-42A3-9FC7-A598907ECBE6}.Debug|Any CPU.Build.0 = Debug|Any CPU
		{FB03FFB0-C8D2-42A3-9FC7-A598907ECBE6}.Release|Any CPU.ActiveCfg = Release|Any CPU
		{FB03FFB0-C8D2-42A3-9FC7-A598907ECBE6}.Release|Any CPU.Build.0 = Release|Any CPU
	EndGlobalSection
	GlobalSection(SolutionProperties) = preSolution
		HideSolutionNode = FALSE
	EndGlobalSection
	GlobalSection(ExtensibilityGlobals) = postSolution
		SolutionGuid = {723BF59D-8CE3-4D42-99CC-47C5E92E2A57}
	EndGlobalSection
EndGlobal
